
Microsoft Visual Studio Solution File, Format Version 12.00
# Visual Studio Version 16
VisualStudioVersion = 16.0.29215.179
MinimumVisualStudioVersion = 10.0.40219.1
Project("{FAE04EC0-301F-11D3-BF4B-00C04F79EFBC}") = "ConsoleApp1", "ConsoleApp1.csproj", "{E2353A56-533E-49A4-BD75-91841759375B}"
EndProject
Project("{FAE04EC0-301F-11D3-BF4B-00C04F79EFBC}") = "UnitTestProject1", "..\UnitTestProject1\UnitTestProject1.csproj", "{D322B35E-B4EB-45CE-A9CA-56ECFF287BAD}"
EndProject
Global
	GlobalSection(SolutionConfigurationPlatforms) = preSolution
		Debug|Any CPU = Debug|Any CPU
		Release|Any CPU = Release|Any CPU
	EndGlobalSection
	GlobalSection(ProjectConfigurationPlatforms) = postSolution
		{E2353A56-533E-49A4-BD75-91841759375B}.Debug|Any CPU.ActiveCfg = Debug|Any CPU
		{E2353A56-533E-49A4-BD75-91841759375B}.Debug|Any CPU.Build.0 = Debug|Any CPU
		{E2353A56-533E-49A4-BD75-91841759375B}.Release|Any CPU.ActiveCfg = Release|Any CPU
		{E2353A56-533E-49A4-BD75-91841759375B}.Release|Any CPU.Build.0 = Release|Any CPU
		{D322B35E-B4EB-45CE-A9CA-56ECFF287BAD}.Debug|Any CPU.ActiveCfg = Debug|Any CPU
		{D322B35E-B4EB-45CE-A9CA-56ECFF287BAD}.Debug|Any CPU.Build.0 = Debug|Any CPU
		{D322B35E-B4EB-45CE-A9CA-56ECFF287BAD}.Release|Any CPU.ActiveCfg = Release|Any CPU
		{D322B35E-B4EB-45CE-A9CA-56ECFF287BAD}.Release|Any CPU.Build.0 = Release|Any CPU
	EndGlobalSection
	GlobalSection(SolutionProperties) = preSolution
		HideSolutionNode = FALSE
	EndGlobalSection
	GlobalSection(ExtensibilityGlobals) = postSolution
		SolutionGuid = {6E069767-3FFF-49FC-BB33-9C4F77F7A483}
	EndGlobalSection
EndGlobal
